
Microsoft Visual Studio Solution File, Format Version 12.00
# Visual Studio Version 16
VisualStudioVersion = 16.0.31624.102
MinimumVisualStudioVersion = 10.0.40219.1
Project("{FAE04EC0-301F-11D3-BF4B-00C04F79EFBC}") = "task 5", "task 5\task 5.csproj", "{443FC01A-58EB-47F5-A367-0926D1003BC0}"
EndProject
Global
	GlobalSection(SolutionConfigurationPlatforms) = preSolution
		Debug|Any CPU = Debug|Any CPU
		Release|Any CPU = Release|Any CPU
	EndGlobalSection
	GlobalSection(ProjectConfigurationPlatforms) = postSolution
		{443FC01A-58EB-47F5-A367-0926D1003BC0}.Debug|Any CPU.ActiveCfg = Debug|Any CPU
		{443FC01A-58EB-47F5-A367-0926D1003BC0}.Debug|Any CPU.Build.0 = Debug|Any CPU
		{443FC01A-58EB-47F5-A367-0926D1003BC0}.Release|Any CPU.ActiveCfg = Release|Any CPU
		{443FC01A-58EB-47F5-A367-0926D1003BC0}.Release|Any CPU.Build.0 = Release|Any CPU
	EndGlobalSection
	GlobalSection(SolutionProperties) = preSolution
		HideSolutionNode = FALSE
	EndGlobalSection
	GlobalSection(ExtensibilityGlobals) = postSolution
		SolutionGuid = {5DF96FC5-390F-4EC9-8E37-118954788D91}
	EndGlobalSection
EndGlobal
